{
  "name": "Code-Editor",
  "lockfileVersion": 2,
  "requires": true,
  "packages": {
    "": {
      "dependencies": {
        "ace-mode-solidity": "^0.1.1"
      }
    },
    "node_modules/ace-mode-solidity": {
      "version": "0.1.1",
      "resolved": "https://registry.npmjs.org/ace-mode-solidity/-/ace-mode-solidity-0.1.1.tgz",
      "integrity": "sha512-OFDYb2DpSUdY/st3o+efbBof4e3M5zFXE8p1DwXNSoeGVT5+8/3KKwX6uhkuKipZ9VgqtPDSJLNcIY1+KSsrIw=="
    }
  },
  "dependencies": {
    "ace-mode-solidity": {
      "version": "0.1.1",
      "resolved": "https://registry.npmjs.org/ace-mode-solidity/-/ace-mode-solidity-0.1.1.tgz",
      "integrity": "sha512-OFDYb2DpSUdY/st3o+efbBof4e3M5zFXE8p1DwXNSoeGVT5+8/3KKwX6uhkuKipZ9VgqtPDSJLNcIY1+KSsrIw=="
    }
  }
}
